
Microsoft Visual Studio Solution File, Format Version 12.00
# Visual Studio Version 17
VisualStudioVersion = 17.11.35312.102
MinimumVisualStudioVersion = 10.0.40219.1
Project("{9A19103F-16F7-4668-BE54-9A1E7A4F7556}") = "GofDesignPattern", "GofDesignPattern.csproj", "{811699EA-DE67-48DA-A650-EA1C55DC6151}"
EndProject
Project("{9A19103F-16F7-4668-BE54-9A1E7A4F7556}") = "GofDesignPattern.Tests", "..\GofDesignPattern.Tests\GofDesignPattern.Tests.csproj", "{F9C1F421-37A1-4DED-A0CC-900850DCE830}"
EndProject
Project("{FAE04EC0-301F-11D3-BF4B-00C04F79EFBC}") = "GofDesignPattern.WinForm", "..\GofDesignPattern.WinForm\GofDesignPattern.WinForm.csproj", "{D9265A79-CFAB-4431-B235-2A79007F3882}"
EndProject
Global
	GlobalSection(SolutionConfigurationPlatforms) = preSolution
		Debug|Any CPU = Debug|Any CPU
		Release|Any CPU = Release|Any CPU
	EndGlobalSection
	GlobalSection(ProjectConfigurationPlatforms) = postSolution
		{811699EA-DE67-48DA-A650-EA1C55DC6151}.Debug|Any CPU.ActiveCfg = Debug|Any CPU
		{811699EA-DE67-48DA-A650-EA1C55DC6151}.Debug|Any CPU.Build.0 = Debug|Any CPU
		{811699EA-DE67-48DA-A650-EA1C55DC6151}.Release|Any CPU.ActiveCfg = Release|Any CPU
		{811699EA-DE67-48DA-A650-EA1C55DC6151}.Release|Any CPU.Build.0 = Release|Any CPU
		{F9C1F421-37A1-4DED-A0CC-900850DCE830}.Debug|Any CPU.ActiveCfg = Debug|Any CPU
		{F9C1F421-37A1-4DED-A0CC-900850DCE830}.Debug|Any CPU.Build.0 = Debug|Any CPU
		{F9C1F421-37A1-4DED-A0CC-900850DCE830}.Release|Any CPU.ActiveCfg = Release|Any CPU
		{F9C1F421-37A1-4DED-A0CC-900850DCE830}.Release|Any CPU.Build.0 = Release|Any CPU
		{D9265A79-CFAB-4431-B235-2A79007F3882}.Debug|Any CPU.ActiveCfg = Debug|Any CPU
		{D9265A79-CFAB-4431-B235-2A79007F3882}.Debug|Any CPU.Build.0 = Debug|Any CPU
		{D9265A79-CFAB-4431-B235-2A79007F3882}.Release|Any CPU.ActiveCfg = Release|Any CPU
		{D9265A79-CFAB-4431-B235-2A79007F3882}.Release|Any CPU.Build.0 = Release|Any CPU
	EndGlobalSection
	GlobalSection(SolutionProperties) = preSolution
		HideSolutionNode = FALSE
	EndGlobalSection
	GlobalSection(ExtensibilityGlobals) = postSolution
		SolutionGuid = {E7327461-11FB-420E-BF7C-4ECB39097D33}
	EndGlobalSection
EndGlobal
